
Microsoft Visual Studio Solution File, Format Version 12.00
# Visual Studio Version 16
VisualStudioVersion = 16.0.30804.86
MinimumVisualStudioVersion = 10.0.40219.1
Project("{8BC9CEB8-8B4A-11D0-8D11-00A0C91BC942}") = "server_c", "server_c\server_c.vcxproj", "{2733F57A-4B31-48D6-B0C2-9C61B6C9FA3B}"
EndProject
Global
	GlobalSection(SolutionConfigurationPlatforms) = preSolution
		Debug|x64 = Debug|x64
		Debug|x86 = Debug|x86
		Release|x64 = Release|x64
		Release|x86 = Release|x86
	EndGlobalSection
	GlobalSection(ProjectConfigurationPlatforms) = postSolution
		{2733F57A-4B31-48D6-B0C2-9C61B6C9FA3B}.Debug|x64.ActiveCfg = Debug|x64
		{2733F57A-4B31-48D6-B0C2-9C61B6C9FA3B}.Debug|x64.Build.0 = Debug|x64
		{2733F57A-4B31-48D6-B0C2-9C61B6C9FA3B}.Debug|x86.ActiveCfg = Debug|Win32
		{2733F57A-4B31-48D6-B0C2-9C61B6C9FA3B}.Debug|x86.Build.0 = Debug|Win32
		{2733F57A-4B31-48D6-B0C2-9C61B6C9FA3B}.Release|x64.ActiveCfg = Release|x64
		{2733F57A-4B31-48D6-B0C2-9C61B6C9FA3B}.Release|x64.Build.0 = Release|x64
		{2733F57A-4B31-48D6-B0C2-9C61B6C9FA3B}.Release|x86.ActiveCfg = Release|Win32
		{2733F57A-4B31-48D6-B0C2-9C61B6C9FA3B}.Release|x86.Build.0 = Release|Win32
	EndGlobalSection
	GlobalSection(SolutionProperties) = preSolution
		HideSolutionNode = FALSE
	EndGlobalSection
	GlobalSection(ExtensibilityGlobals) = postSolution
		SolutionGuid = {638E1E86-EAFA-4F72-BA3E-5D33DAC0F0F2}
	EndGlobalSection
EndGlobal
